# This file is autogenerated, do not edit; changes may be undone by the next 'dep ensure'.


[[projects]]
  name = "github.com/PuerkitoBio/goquery"
  packages = ["."]
  revision = "a86ea073017a6beddef78c8659e7224e8ca634b0"
  version = "v1.4.0"

[[projects]]
  name = "github.com/andybalholm/cascadia"
  packages = ["."]
  revision = "901648c87902174f774fac311d7f176f8647bdaa"
  version = "v1.0.0"

[[projects]]
  name = "github.com/jteeuwen/go-bindata"
  packages = ["."]
  revision = "bbd0c6e271208dce66d8fda4bc536453cd27fc4a"
  version = "v3.0.7"

[[projects]]
  branch = "master"
  name = "golang.org/x/net"
  packages = [
    "html",
    "html/atom"
  ]
  revision = "57065200b4b034a1c8ad54ff77069408c2218ae6"

[solve-meta]
  analyzer-name = "dep"
  analyzer-version = 1
  inputs-digest = "3db11e894c821136484e3ff38966bdcd4176d5f04ea5cd03c4f21a7b1c3066bd"
  solver-name = "gps-cdcl"
  solver-version = 1
